// !$*UTF8*$!
{
	archiveVersion = 1;
	classes = {
	};
	objectVersion = 46;
	objects = {

/* Begin PBXBuildFile section */
		28E9ECCEA06DFE80A9465057 /* libPods-FaveLyricsUITests.a in Frameworks */ = {isa = PBXBuildFile; fileRef = F840FC2A4418FE19A4EA0E22 /* libPods-FaveLyricsUITests.a */; };
		6B2271C71E0C398D00B3C500 /* main.m in Sources */ = {isa = PBXBuildFile; fileRef = 6B2271C61E0C398D00B3C500 /* main.m */; };
		6B2271CA1E0C398D00B3C500 /* AppDelegate.m in Sources */ = {isa = PBXBuildFile; fileRef = 6B2271C91E0C398D00B3C500 /* AppDelegate.m */; };
		6B2271D01E0C398D00B3C500 /* Main.storyboard in Resources */ = {isa = PBXBuildFile; fileRef = 6B2271CE1E0C398D00B3C500 /* Main.storyboard */; };
		6B2271D21E0C398D00B3C500 /* Assets.xcassets in Resources */ = {isa = PBXBuildFile; fileRef = 6B2271D11E0C398D00B3C500 /* Assets.xcassets */; };
		6B2271D51E0C398D00B3C500 /* LaunchScreen.storyboard in Resources */ = {isa = PBXBuildFile; fileRef = 6B2271D31E0C398D00B3C500 /* LaunchScreen.storyboard */; };
		6B2271E01E0C398D00B3C500 /* FaveLyricsTests.m in Sources */ = {isa = PBXBuildFile; fileRef = 6B2271DF1E0C398D00B3C500 /* FaveLyricsTests.m */; };
		6B2271EB1E0C398D00B3C500 /* FaveLyricsUITests.m in Sources */ = {isa = PBXBuildFile; fileRef = 6B2271EA1E0C398D00B3C500 /* FaveLyricsUITests.m */; };
		6B2271FA1E0C530400B3C500 /* Artist.m in Sources */ = {isa = PBXBuildFile; fileRef = 6B2271F91E0C530400B3C500 /* Artist.m */; };
		6B2272021E0DDB5000B3C500 /* Album.m in Sources */ = {isa = PBXBuildFile; fileRef = 6B2272011E0DDB5000B3C500 /* Album.m */; };
		6B2272051E12C91E00B3C500 /* Track.m in Sources */ = {isa = PBXBuildFile; fileRef = 6B2272041E12C91E00B3C500 /* Track.m */; };
		6B2272081E12F24D00B3C500 /* Endpoint.m in Sources */ = {isa = PBXBuildFile; fileRef = 6B2272071E12F24D00B3C500 /* Endpoint.m */; };
		6B22720B1E133C8D00B3C500 /* APIClient.m in Sources */ = {isa = PBXBuildFile; fileRef = 6B22720A1E133C8D00B3C500 /* APIClient.m */; };
		6B2272121E1424DF00B3C500 /* MenuViewController.m in Sources */ = {isa = PBXBuildFile; fileRef = 6B2272111E1424DF00B3C500 /* MenuViewController.m */; };
		6B2272151E14CF0E00B3C500 /* ArtistSearchViewController.m in Sources */ = {isa = PBXBuildFile; fileRef = 6B2272141E14CF0E00B3C500 /* ArtistSearchViewController.m */; };
		6B2272181E1583F400B3C500 /* AlbumsViewController.m in Sources */ = {isa = PBXBuildFile; fileRef = 6B2272171E1583F400B3C500 /* AlbumsViewController.m */; };
		6B22721B1E15ADD300B3C500 /* TracksViewController.m in Sources */ = {isa = PBXBuildFile; fileRef = 6B22721A1E15ADD300B3C500 /* TracksViewController.m */; };
		6BDDE59D1E161BEE009260AD /* LyricsViewController.m in Sources */ = {isa = PBXBuildFile; fileRef = 6BDDE59C1E161BEE009260AD /* LyricsViewController.m */; };
		6BDDE5A01E16E823009260AD /* TrackPlus.m in Sources */ = {isa = PBXBuildFile; fileRef = 6BDDE59F1E16E823009260AD /* TrackPlus.m */; };
		6BDDE5A41E16F2A9009260AD /* Model.m in Sources */ = {isa = PBXBuildFile; fileRef = 6BDDE5A31E16F2A9009260AD /* Model.m */; };
		6BDDE5A71E1703D7009260AD /* TrackPlusCell.m in Sources */ = {isa = PBXBuildFile; fileRef = 6BDDE5A61E1703D7009260AD /* TrackPlusCell.m */; };
		6BDDE5AA1E1703F3009260AD /* FavoritesViewController.m in Sources */ = {isa = PBXBuildFile; fileRef = 6BDDE5A91E1703F3009260AD /* FavoritesViewController.m */; };
		6BDDE5AD1E175EF9009260AD /* LyricSearchViewController.m in Sources */ = {isa = PBXBuildFile; fileRef = 6BDDE5AC1E175EF9009260AD /* LyricSearchViewController.m */; };
		6BDDE5B31E186CA9009260AD /* AlbumCollectionViewCell.m in Sources */ = {isa = PBXBuildFile; fileRef = 6BDDE5B21E186CA9009260AD /* AlbumCollectionViewCell.m */; };
		6DFD140ECD2C068AB90EF89A /* libPods-FaveLyrics.a in Frameworks */ = {isa = PBXBuildFile; fileRef = B6B69D06A8594B51735AA027 /* libPods-FaveLyrics.a */; };
		F7B61DD3E279CFA1C3F252B7 /* libPods-FaveLyricsTests.a in Frameworks */ = {isa = PBXBuildFile; fileRef = B63C88F987BE1C308B9B1834 /* libPods-FaveLyricsTests.a */; };
/* End PBXBuildFile section */

/* Begin PBXContainerItemProxy section */
		6B2271DC1E0C398D00B3C500 /* PBXContainerItemProxy */ = {
			isa = PBXContainerItemProxy;
			containerPortal = 6B2271BA1E0C398C00B3C500 /* Project object */;
			proxyType = 1;
			remoteGlobalIDString = 6B2271C11E0C398C00B3C500;
			remoteInfo = FaveLyrics;
		};
		6B2271E71E0C398D00B3C500 /* PBXContainerItemProxy */ = {
			isa = PBXContainerItemProxy;
			containerPortal = 6B2271BA1E0C398C00B3C500 /* Project object */;
			proxyType = 1;
			remoteGlobalIDString = 6B2271C11E0C398C00B3C500;
			remoteInfo = FaveLyrics;
		};
/* End PBXContainerItemProxy section */

/* Begin PBXFileReference section */
		0F790092868A320641652D83 /* Pods-FaveLyricsUITests.debug.xcconfig */ = {isa = PBXFileReference; includeInIndex = 1; lastKnownFileType = text.xcconfig; name = "Pods-FaveLyricsUITests.debug.xcconfig"; path = "Pods/Target Support Files/Pods-FaveLyricsUITests/Pods-FaveLyricsUITests.debug.xcconfig"; sourceTree = "<group>"; };
		134ACFFF5F8F05050BAEF36F /* Pods-FaveLyrics.debug.xcconfig */ = {isa = PBXFileReference; includeInIndex = 1; lastKnownFileType = text.xcconfig; name = "Pods-FaveLyrics.debug.xcconfig"; path = "Pods/Target Support Files/Pods-FaveLyrics/Pods-FaveLyrics.debug.xcconfig"; sourceTree = "<group>"; };
		6B2271C21E0C398D00B3C500 /* FaveLyrics.app */ = {isa = PBXFileReference; explicitFileType = wrapper.application; includeInIndex = 0; path = FaveLyrics.app; sourceTree = BUILT_PRODUCTS_DIR; };
		6B2271C61E0C398D00B3C500 /* main.m */ = {isa = PBXFileReference; lastKnownFileType = sourcecode.c.objc; path = main.m; sourceTree = "<group>"; };
		6B2271C81E0C398D00B3C500 /* AppDelegate.h */ = {isa = PBXFileReference; lastKnownFileType = sourcecode.c.h; path = AppDelegate.h; sourceTree = "<group>"; };
		6B2271C91E0C398D00B3C500 /* AppDelegate.m */ = {isa = PBXFileReference; lastKnownFileType = sourcecode.c.objc; path = AppDelegate.m; sourceTree = "<group>"; };
		6B2271CF1E0C398D00B3C500 /* Base */ = {isa = PBXFileReference; lastKnownFileType = file.storyboard; name = Base; path = Base.lproj/Main.storyboard; sourceTree = "<group>"; };
		6B2271D11E0C398D00B3C500 /* Assets.xcassets */ = {isa = PBXFileReference; lastKnownFileType = folder.assetcatalog; path = Assets.xcassets; sourceTree = "<group>"; };
		6B2271D41E0C398D00B3C500 /* Base */ = {isa = PBXFileReference; lastKnownFileType = file.storyboard; name = Base; path = Base.lproj/LaunchScreen.storyboard; sourceTree = "<group>"; };
		6B2271D61E0C398D00B3C500 /* Info.plist */ = {isa = PBXFileReference; lastKnownFileType = text.plist.xml; path = Info.plist; sourceTree = "<group>"; };
		6B2271DB1E0C398D00B3C500 /* FaveLyricsTests.xctest */ = {isa = PBXFileReference; explicitFileType = wrapper.cfbundle; includeInIndex = 0; path = FaveLyricsTests.xctest; sourceTree = BUILT_PRODUCTS_DIR; };
		6B2271DF1E0C398D00B3C500 /* FaveLyricsTests.m */ = {isa = PBXFileReference; lastKnownFileType = sourcecode.c.objc; path = FaveLyricsTests.m; sourceTree = "<group>"; };
		6B2271E11E0C398D00B3C500 /* Info.plist */ = {isa = PBXFileReference; lastKnownFileType = text.plist.xml; path = Info.plist; sourceTree = "<group>"; };
		6B2271E61E0C398D00B3C500 /* FaveLyricsUITests.xctest */ = {isa = PBXFileReference; explicitFileType = wrapper.cfbundle; includeInIndex = 0; path = FaveLyricsUITests.xctest; sourceTree = BUILT_PRODUCTS_DIR; };
		6B2271EA1E0C398D00B3C500 /* FaveLyricsUITests.m */ = {isa = PBXFileReference; lastKnownFileType = sourcecode.c.objc; path = FaveLyricsUITests.m; sourceTree = "<group>"; };
		6B2271EC1E0C398D00B3C500 /* Info.plist */ = {isa = PBXFileReference; lastKnownFileType = text.plist.xml; path = Info.plist; sourceTree = "<group>"; };
		6B2271F81E0C530400B3C500 /* Artist.h */ = {isa = PBXFileReference; fileEncoding = 4; lastKnownFileType = sourcecode.c.h; path = Artist.h; sourceTree = "<group>"; };
		6B2271F91E0C530400B3C500 /* Artist.m */ = {isa = PBXFileReference; fileEncoding = 4; lastKnownFileType = sourcecode.c.objc; path = Artist.m; sourceTree = "<group>"; };
		6B2271FD1E0D9B1300B3C500 /* HTTPKey.h */ = {isa = PBXFileReference; fileEncoding = 4; lastKnownFileType = sourcecode.c.h; path = HTTPKey.h; sourceTree = "<group>"; };
		6B2272001E0DDB5000B3C500 /* Album.h */ = {isa = PBXFileReference; fileEncoding = 4; lastKnownFileType = sourcecode.c.h; path = Album.h; sourceTree = "<group>"; };
		6B2272011E0DDB5000B3C500 /* Album.m */ = {isa = PBXFileReference; fileEncoding = 4; lastKnownFileType = sourcecode.c.objc; path = Album.m; sourceTree = "<group>"; };
		6B2272031E12C91E00B3C500 /* Track.h */ = {isa = PBXFileReference; fileEncoding = 4; lastKnownFileType = sourcecode.c.h; path = Track.h; sourceTree = "<group>"; };
		6B2272041E12C91E00B3C500 /* Track.m */ = {isa = PBXFileReference; fileEncoding = 4; lastKnownFileType = sourcecode.c.objc; path = Track.m; sourceTree = "<group>"; };
		6B2272061E12F24D00B3C500 /* Endpoint.h */ = {isa = PBXFileReference; fileEncoding = 4; lastKnownFileType = sourcecode.c.h; path = Endpoint.h; sourceTree = "<group>"; };
		6B2272071E12F24D00B3C500 /* Endpoint.m */ = {isa = PBXFileReference; fileEncoding = 4; lastKnownFileType = sourcecode.c.objc; path = Endpoint.m; sourceTree = "<group>"; };
		6B2272091E133C8D00B3C500 /* APIClient.h */ = {isa = PBXFileReference; fileEncoding = 4; lastKnownFileType = sourcecode.c.h; path = APIClient.h; sourceTree = "<group>"; };
		6B22720A1E133C8D00B3C500 /* APIClient.m */ = {isa = PBXFileReference; fileEncoding = 4; lastKnownFileType = sourcecode.c.objc; path = APIClient.m; sourceTree = "<group>"; };
		6B2272101E1424DF00B3C500 /* MenuViewController.h */ = {isa = PBXFileReference; fileEncoding = 4; lastKnownFileType = sourcecode.c.h; path = MenuViewController.h; sourceTree = "<group>"; };
		6B2272111E1424DF00B3C500 /* MenuViewController.m */ = {isa = PBXFileReference; fileEncoding = 4; lastKnownFileType = sourcecode.c.objc; path = MenuViewController.m; sourceTree = "<group>"; };
		6B2272131E14CF0E00B3C500 /* ArtistSearchViewController.h */ = {isa = PBXFileReference; fileEncoding = 4; lastKnownFileType = sourcecode.c.h; path = ArtistSearchViewController.h; sourceTree = "<group>"; };
		6B2272141E14CF0E00B3C500 /* ArtistSearchViewController.m */ = {isa = PBXFileReference; fileEncoding = 4; lastKnownFileType = sourcecode.c.objc; path = ArtistSearchViewController.m; sourceTree = "<group>"; };
		6B2272161E1583F400B3C500 /* AlbumsViewController.h */ = {isa = PBXFileReference; fileEncoding = 4; lastKnownFileType = sourcecode.c.h; path = AlbumsViewController.h; sourceTree = "<group>"; };
		6B2272171E1583F400B3C500 /* AlbumsViewController.m */ = {isa = PBXFileReference; fileEncoding = 4; lastKnownFileType = sourcecode.c.objc; path = AlbumsViewController.m; sourceTree = "<group>"; };
		6B2272191E15ADD300B3C500 /* TracksViewController.h */ = {isa = PBXFileReference; fileEncoding = 4; lastKnownFileType = sourcecode.c.h; path = TracksViewController.h; sourceTree = "<group>"; };
		6B22721A1E15ADD300B3C500 /* TracksViewController.m */ = {isa = PBXFileReference; fileEncoding = 4; lastKnownFileType = sourcecode.c.objc; path = TracksViewController.m; sourceTree = "<group>"; };
		6BDDE59B1E161BEE009260AD /* LyricsViewController.h */ = {isa = PBXFileReference; fileEncoding = 4; lastKnownFileType = sourcecode.c.h; path = LyricsViewController.h; sourceTree = "<group>"; };
		6BDDE59C1E161BEE009260AD /* LyricsViewController.m */ = {isa = PBXFileReference; fileEncoding = 4; lastKnownFileType = sourcecode.c.objc; path = LyricsViewController.m; sourceTree = "<group>"; };
		6BDDE59E1E16E823009260AD /* TrackPlus.h */ = {isa = PBXFileReference; fileEncoding = 4; lastKnownFileType = sourcecode.c.h; path = TrackPlus.h; sourceTree = "<group>"; };
		6BDDE59F1E16E823009260AD /* TrackPlus.m */ = {isa = PBXFileReference; fileEncoding = 4; lastKnownFileType = sourcecode.c.objc; path = TrackPlus.m; sourceTree = "<group>"; };
		6BDDE5A21E16F2A9009260AD /* Model.h */ = {isa = PBXFileReference; fileEncoding = 4; lastKnownFileType = sourcecode.c.h; path = Model.h; sourceTree = "<group>"; };
		6BDDE5A31E16F2A9009260AD /* Model.m */ = {isa = PBXFileReference; fileEncoding = 4; lastKnownFileType = sourcecode.c.objc; path = Model.m; sourceTree = "<group>"; };
		6BDDE5A51E1703D7009260AD /* TrackPlusCell.h */ = {isa = PBXFileReference; fileEncoding = 4; lastKnownFileType = sourcecode.c.h; path = TrackPlusCell.h; sourceTree = "<group>"; };
		6BDDE5A61E1703D7009260AD /* TrackPlusCell.m */ = {isa = PBXFileReference; fileEncoding = 4; lastKnownFileType = sourcecode.c.objc; path = TrackPlusCell.m; sourceTree = "<group>"; };
		6BDDE5A81E1703F3009260AD /* FavoritesViewController.h */ = {isa = PBXFileReference; fileEncoding = 4; lastKnownFileType = sourcecode.c.h; path = FavoritesViewController.h; sourceTree = "<group>"; };
		6BDDE5A91E1703F3009260AD /* FavoritesViewController.m */ = {isa = PBXFileReference; fileEncoding = 4; lastKnownFileType = sourcecode.c.objc; path = FavoritesViewController.m; sourceTree = "<group>"; };
		6BDDE5AB1E175EF9009260AD /* LyricSearchViewController.h */ = {isa = PBXFileReference; fileEncoding = 4; lastKnownFileType = sourcecode.c.h; path = LyricSearchViewController.h; sourceTree = "<group>"; };
		6BDDE5AC1E175EF9009260AD /* LyricSearchViewController.m */ = {isa = PBXFileReference; fileEncoding = 4; lastKnownFileType = sourcecode.c.objc; path = LyricSearchViewController.m; sourceTree = "<group>"; };
		6BDDE5B11E186CA9009260AD /* AlbumCollectionViewCell.h */ = {isa = PBXFileReference; fileEncoding = 4; lastKnownFileType = sourcecode.c.h; path = AlbumCollectionViewCell.h; sourceTree = "<group>"; };
		6BDDE5B21E186CA9009260AD /* AlbumCollectionViewCell.m */ = {isa = PBXFileReference; fileEncoding = 4; lastKnownFileType = sourcecode.c.objc; path = AlbumCollectionViewCell.m; sourceTree = "<group>"; };
		8342B41AF886C72F7B770E5E /* Pods-FaveLyricsTests.release.xcconfig */ = {isa = PBXFileReference; includeInIndex = 1; lastKnownFileType = text.xcconfig; name = "Pods-FaveLyricsTests.release.xcconfig"; path = "Pods/Target Support Files/Pods-FaveLyricsTests/Pods-FaveLyricsTests.release.xcconfig"; sourceTree = "<group>"; };
		8F39148C9404B3B8766F6FB4 /* Pods-FaveLyricsTests.debug.xcconfig */ = {isa = PBXFileReference; includeInIndex = 1; lastKnownFileType = text.xcconfig; name = "Pods-FaveLyricsTests.debug.xcconfig"; path = "Pods/Target Support Files/Pods-FaveLyricsTests/Pods-FaveLyricsTests.debug.xcconfig"; sourceTree = "<group>"; };
		964D32A923C5327A974E9C93 /* Pods-FaveLyrics.release.xcconfig */ = {isa = PBXFileReference; includeInIndex = 1; lastKnownFileType = text.xcconfig; name = "Pods-FaveLyrics.release.xcconfig"; path = "Pods/Target Support Files/Pods-FaveLyrics/Pods-FaveLyrics.release.xcconfig"; sourceTree = "<group>"; };
		B63C88F987BE1C308B9B1834 /* libPods-FaveLyricsTests.a */ = {isa = PBXFileReference; explicitFileType = archive.ar; includeInIndex = 0; path = "libPods-FaveLyricsTests.a"; sourceTree = BUILT_PRODUCTS_DIR; };
		B6B69D06A8594B51735AA027 /* libPods-FaveLyrics.a */ = {isa = PBXFileReference; explicitFileType = archive.ar; includeInIndex = 0; path = "libPods-FaveLyrics.a"; sourceTree = BUILT_PRODUCTS_DIR; };
		DD165724A6819FD08687C0A2 /* Pods-FaveLyricsUITests.release.xcconfig */ = {isa = PBXFileReference; includeInIndex = 1; lastKnownFileType = text.xcconfig; name = "Pods-FaveLyricsUITests.release.xcconfig"; path = "Pods/Target Support Files/Pods-FaveLyricsUITests/Pods-FaveLyricsUITests.release.xcconfig"; sourceTree = "<group>"; };
		F840FC2A4418FE19A4EA0E22 /* libPods-FaveLyricsUITests.a */ = {isa = PBXFileReference; explicitFileType = archive.ar; includeInIndex = 0; path = "libPods-FaveLyricsUITests.a"; sourceTree = BUILT_PRODUCTS_DIR; };
/* End PBXFileReference section */

/* Begin PBXFrameworksBuildPhase section */
		6B2271BF1E0C398C00B3C500 /* Frameworks */ = {
			isa = PBXFrameworksBuildPhase;
			buildActionMask = 2147483647;
			files = (
				6DFD140ECD2C068AB90EF89A /* libPods-FaveLyrics.a in Frameworks */,
			);
			runOnlyForDeploymentPostprocessing = 0;
		};
		6B2271D81E0C398D00B3C500 /* Frameworks */ = {
			isa = PBXFrameworksBuildPhase;
			buildActionMask = 2147483647;
			files = (
				F7B61DD3E279CFA1C3F252B7 /* libPods-FaveLyricsTests.a in Frameworks */,
			);
			runOnlyForDeploymentPostprocessing = 0;
		};
		6B2271E31E0C398D00B3C500 /* Frameworks */ = {
			isa = PBXFrameworksBuildPhase;
			buildActionMask = 2147483647;
			files = (
				28E9ECCEA06DFE80A9465057 /* libPods-FaveLyricsUITests.a in Frameworks */,
			);
			runOnlyForDeploymentPostprocessing = 0;
		};
/* End PBXFrameworksBuildPhase section */

/* Begin PBXGroup section */
		65D442E92768136DCE6DC2EB /* Pods */ = {
			isa = PBXGroup;
			children = (
				134ACFFF5F8F05050BAEF36F /* Pods-FaveLyrics.debug.xcconfig */,
				964D32A923C5327A974E9C93 /* Pods-FaveLyrics.release.xcconfig */,
				8F39148C9404B3B8766F6FB4 /* Pods-FaveLyricsTests.debug.xcconfig */,
				8342B41AF886C72F7B770E5E /* Pods-FaveLyricsTests.release.xcconfig */,
				0F790092868A320641652D83 /* Pods-FaveLyricsUITests.debug.xcconfig */,
				DD165724A6819FD08687C0A2 /* Pods-FaveLyricsUITests.release.xcconfig */,
			);
			name = Pods;
			sourceTree = "<group>";
		};
		6B2271B91E0C398C00B3C500 = {
			isa = PBXGroup;
			children = (
				6B2271C41E0C398D00B3C500 /* FaveLyrics */,
				6B2271DE1E0C398D00B3C500 /* FaveLyricsTests */,
				6B2271E91E0C398D00B3C500 /* FaveLyricsUITests */,
				6B2271C31E0C398D00B3C500 /* Products */,
				65D442E92768136DCE6DC2EB /* Pods */,
				D0FBD621E320ADD8AA7B7378 /* Frameworks */,
			);
			sourceTree = "<group>";
		};
		6B2271C31E0C398D00B3C500 /* Products */ = {
			isa = PBXGroup;
			children = (
				6B2271C21E0C398D00B3C500 /* FaveLyrics.app */,
				6B2271DB1E0C398D00B3C500 /* FaveLyricsTests.xctest */,
				6B2271E61E0C398D00B3C500 /* FaveLyricsUITests.xctest */,
			);
			name = Products;
			sourceTree = "<group>";
		};
		6B2271C41E0C398D00B3C500 /* FaveLyrics */ = {
			isa = PBXGroup;
			children = (
				6B2271FC1E0D988B00B3C500 /* Networking */,
				6B2271FB1E0D988600B3C500 /* Model */,
				6B2271C81E0C398D00B3C500 /* AppDelegate.h */,
				6B2271C91E0C398D00B3C500 /* AppDelegate.m */,
				6B2272101E1424DF00B3C500 /* MenuViewController.h */,
				6B2272111E1424DF00B3C500 /* MenuViewController.m */,
				6B2271CE1E0C398D00B3C500 /* Main.storyboard */,
				6B2272131E14CF0E00B3C500 /* ArtistSearchViewController.h */,
				6B2272141E14CF0E00B3C500 /* ArtistSearchViewController.m */,
				6BDDE5B11E186CA9009260AD /* AlbumCollectionViewCell.h */,
				6BDDE5B21E186CA9009260AD /* AlbumCollectionViewCell.m */,
				6B2272161E1583F400B3C500 /* AlbumsViewController.h */,
				6B2272171E1583F400B3C500 /* AlbumsViewController.m */,
				6B2272191E15ADD300B3C500 /* TracksViewController.h */,
				6B22721A1E15ADD300B3C500 /* TracksViewController.m */,
				6BDDE59B1E161BEE009260AD /* LyricsViewController.h */,
				6BDDE59C1E161BEE009260AD /* LyricsViewController.m */,
				6BDDE5A51E1703D7009260AD /* TrackPlusCell.h */,
				6BDDE5A61E1703D7009260AD /* TrackPlusCell.m */,
				6BDDE5A81E1703F3009260AD /* FavoritesViewController.h */,
				6BDDE5A91E1703F3009260AD /* FavoritesViewController.m */,
				6BDDE5AB1E175EF9009260AD /* LyricSearchViewController.h */,
				6BDDE5AC1E175EF9009260AD /* LyricSearchViewController.m */,
				6B2271D11E0C398D00B3C500 /* Assets.xcassets */,
				6B2271D31E0C398D00B3C500 /* LaunchScreen.storyboard */,
				6B2271D61E0C398D00B3C500 /* Info.plist */,
				6B2271C51E0C398D00B3C500 /* Supporting Files */,
			);
			path = FaveLyrics;
			sourceTree = "<group>";
		};
		6B2271C51E0C398D00B3C500 /* Supporting Files */ = {
			isa = PBXGroup;
			children = (
				6B2271C61E0C398D00B3C500 /* main.m */,
			);
			name = "Supporting Files";
			sourceTree = "<group>";
		};
		6B2271DE1E0C398D00B3C500 /* FaveLyricsTests */ = {
			isa = PBXGroup;
			children = (
				6B2271DF1E0C398D00B3C500 /* FaveLyricsTests.m */,
				6B2271E11E0C398D00B3C500 /* Info.plist */,
			);
			path = FaveLyricsTests;
			sourceTree = "<group>";
		};
		6B2271E91E0C398D00B3C500 /* FaveLyricsUITests */ = {
			isa = PBXGroup;
			children = (
				6B2271EA1E0C398D00B3C500 /* FaveLyricsUITests.m */,
				6B2271EC1E0C398D00B3C500 /* Info.plist */,
			);
			path = FaveLyricsUITests;
			sourceTree = "<group>";
		};
		6B2271FB1E0D988600B3C500 /* Model */ = {
			isa = PBXGroup;
			children = (
				6B2271F81E0C530400B3C500 /* Artist.h */,
				6B2271F91E0C530400B3C500 /* Artist.m */,
				6B2272001E0DDB5000B3C500 /* Album.h */,
				6B2272011E0DDB5000B3C500 /* Album.m */,
				6B2272031E12C91E00B3C500 /* Track.h */,
				6B2272041E12C91E00B3C500 /* Track.m */,
				6BDDE59E1E16E823009260AD /* TrackPlus.h */,
				6BDDE59F1E16E823009260AD /* TrackPlus.m */,
				6BDDE5A21E16F2A9009260AD /* Model.h */,
				6BDDE5A31E16F2A9009260AD /* Model.m */,
			);
			name = Model;
			sourceTree = "<group>";
		};
		6B2271FC1E0D988B00B3C500 /* Networking */ = {
			isa = PBXGroup;
			children = (
				6B2271FD1E0D9B1300B3C500 /* HTTPKey.h */,
				6B2272091E133C8D00B3C500 /* APIClient.h */,
				6B22720A1E133C8D00B3C500 /* APIClient.m */,
				6B2272061E12F24D00B3C500 /* Endpoint.h */,
				6B2272071E12F24D00B3C500 /* Endpoint.m */,
			);
			name = Networking;
			sourceTree = "<group>";
		};
		D0FBD621E320ADD8AA7B7378 /* Frameworks */ = {
			isa = PBXGroup;
			children = (
				B6B69D06A8594B51735AA027 /* libPods-FaveLyrics.a */,
				B63C88F987BE1C308B9B1834 /* libPods-FaveLyricsTests.a */,
				F840FC2A4418FE19A4EA0E22 /* libPods-FaveLyricsUITests.a */,
			);
			name = Frameworks;
			sourceTree = "<group>";
		};
/* End PBXGroup section */

/* Begin PBXNativeTarget section */
		6B2271C11E0C398C00B3C500 /* FaveLyrics */ = {
			isa = PBXNativeTarget;
			buildConfigurationList = 6B2271EF1E0C398D00B3C500 /* Build configuration list for PBXNativeTarget "FaveLyrics" */;
			buildPhases = (
				46A1E1FFD2092B023AC0F10B /* [CP] Check Pods Manifest.lock */,
				6B2271BE1E0C398C00B3C500 /* Sources */,
				6B2271BF1E0C398C00B3C500 /* Frameworks */,
				6B2271C01E0C398C00B3C500 /* Resources */,
				88B18C014562C9791951228C /* [CP] Embed Pods Frameworks */,
				D51E9A370334A79097FC7B8A /* [CP] Copy Pods Resources */,
			);
			buildRules = (
			);
			dependencies = (
			);
			name = FaveLyrics;
			productName = FaveLyrics;
			productReference = 6B2271C21E0C398D00B3C500 /* FaveLyrics.app */;
			productType = "com.apple.product-type.application";
		};
		6B2271DA1E0C398D00B3C500 /* FaveLyricsTests */ = {
			isa = PBXNativeTarget;
			buildConfigurationList = 6B2271F21E0C398D00B3C500 /* Build configuration list for PBXNativeTarget "FaveLyricsTests" */;
			buildPhases = (
				0342FEF960FD5342A2FDA00E /* [CP] Check Pods Manifest.lock */,
				6B2271D71E0C398D00B3C500 /* Sources */,
				6B2271D81E0C398D00B3C500 /* Frameworks */,
				6B2271D91E0C398D00B3C500 /* Resources */,
				5727493CA5E822526F4169C8 /* [CP] Embed Pods Frameworks */,
				802970031767DF32DF992D95 /* [CP] Copy Pods Resources */,
			);
			buildRules = (
			);
			dependencies = (
				6B2271DD1E0C398D00B3C500 /* PBXTargetDependency */,
			);
			name = FaveLyricsTests;
			productName = FaveLyricsTests;
			productReference = 6B2271DB1E0C398D00B3C500 /* FaveLyricsTests.xctest */;
			productType = "com.apple.product-type.bundle.unit-test";
		};
		6B2271E51E0C398D00B3C500 /* FaveLyricsUITests */ = {
			isa = PBXNativeTarget;
			buildConfigurationList = 6B2271F51E0C398D00B3C500 /* Build configuration list for PBXNativeTarget "FaveLyricsUITests" */;
			buildPhases = (
				5AE9EB14BA45EF4F517A7804 /* [CP] Check Pods Manifest.lock */,
				6B2271E21E0C398D00B3C500 /* Sources */,
				6B2271E31E0C398D00B3C500 /* Frameworks */,
				6B2271E41E0C398D00B3C500 /* Resources */,
				7E9F04411DB588B3BD093031 /* [CP] Embed Pods Frameworks */,
				682C7CB96C9DC534089DFB08 /* [CP] Copy Pods Resources */,
			);
			buildRules = (
			);
			dependencies = (
				6B2271E81E0C398D00B3C500 /* PBXTargetDependency */,
			);
			name = FaveLyricsUITests;
			productName = FaveLyricsUITests;
			productReference = 6B2271E61E0C398D00B3C500 /* FaveLyricsUITests.xctest */;
			productType = "com.apple.product-type.bundle.ui-testing";
		};
/* End PBXNativeTarget section */

/* Begin PBXProject section */
		6B2271BA1E0C398C00B3C500 /* Project object */ = {
			isa = PBXProject;
			attributes = {
				LastUpgradeCheck = 0820;
				ORGANIZATIONNAME = redBred;
				TargetAttributes = {
					6B2271C11E0C398C00B3C500 = {
						CreatedOnToolsVersion = 8.2.1;
						DevelopmentTeam = 646297YD5V;
						ProvisioningStyle = Automatic;
					};
					6B2271DA1E0C398D00B3C500 = {
						CreatedOnToolsVersion = 8.2.1;
						DevelopmentTeam = 646297YD5V;
						ProvisioningStyle = Automatic;
						TestTargetID = 6B2271C11E0C398C00B3C500;
					};
					6B2271E51E0C398D00B3C500 = {
						CreatedOnToolsVersion = 8.2.1;
						DevelopmentTeam = 646297YD5V;
						ProvisioningStyle = Automatic;
						TestTargetID = 6B2271C11E0C398C00B3C500;
					};
				};
			};
			buildConfigurationList = 6B2271BD1E0C398C00B3C500 /* Build configuration list for PBXProject "FaveLyrics" */;
			compatibilityVersion = "Xcode 3.2";
			developmentRegion = English;
			hasScannedForEncodings = 0;
			knownRegions = (
				en,
				Base,
			);
			mainGroup = 6B2271B91E0C398C00B3C500;
			productRefGroup = 6B2271C31E0C398D00B3C500 /* Products */;
			projectDirPath = "";
			projectRoot = "";
			targets = (
				6B2271C11E0C398C00B3C500 /* FaveLyrics */,
				6B2271DA1E0C398D00B3C500 /* FaveLyricsTests */,
				6B2271E51E0C398D00B3C500 /* FaveLyricsUITests */,
			);
		};
/* End PBXProject section */

/* Begin PBXResourcesBuildPhase section */
		6B2271C01E0C398C00B3C500 /* Resources */ = {
			isa = PBXResourcesBuildPhase;
			buildActionMask = 2147483647;
			files = (
				6B2271D51E0C398D00B3C500 /* LaunchScreen.storyboard in Resources */,
				6B2271D21E0C398D00B3C500 /* Assets.xcassets in Resources */,
				6B2271D01E0C398D00B3C500 /* Main.storyboard in Resources */,
			);
			runOnlyForDeploymentPostprocessing = 0;
		};
		6B2271D91E0C398D00B3C500 /* Resources */ = {
			isa = PBXResourcesBuildPhase;
			buildActionMask = 2147483647;
			files = (
			);
			runOnlyForDeploymentPostprocessing = 0;
		};
		6B2271E41E0C398D00B3C500 /* Resources */ = {
			isa = PBXResourcesBuildPhase;
			buildActionMask = 2147483647;
			files = (
			);
			runOnlyForDeploymentPostprocessing = 0;
		};
/* End PBXResourcesBuildPhase section */

/* Begin PBXShellScriptBuildPhase section */
		0342FEF960FD5342A2FDA00E /* [CP] Check Pods Manifest.lock */ = {
			isa = PBXShellScriptBuildPhase;
			buildActionMask = 2147483647;
			files = (
			);
			inputPaths = (
			);
			name = "[CP] Check Pods Manifest.lock";
			outputPaths = (
			);
			runOnlyForDeploymentPostprocessing = 0;
			shellPath = /bin/sh;
			shellScript = "diff \"${PODS_ROOT}/../Podfile.lock\" \"${PODS_ROOT}/Manifest.lock\" > /dev/null\nif [ $? != 0 ] ; then\n    # print error to STDERR\n    echo \"error: The sandbox is not in sync with the Podfile.lock. Run 'pod install' or update your CocoaPods installation.\" >&2\n    exit 1\nfi\n";
			showEnvVarsInLog = 0;
		};
		46A1E1FFD2092B023AC0F10B /* [CP] Check Pods Manifest.lock */ = {
			isa = PBXShellScriptBuildPhase;
			buildActionMask = 2147483647;
			files = (
			);
			inputPaths = (
			);
			name = "[CP] Check Pods Manifest.lock";
			outputPaths = (
			);
			runOnlyForDeploymentPostprocessing = 0;
			shellPath = /bin/sh;
			shellScript = "diff \"${PODS_ROOT}/../Podfile.lock\" \"${PODS_ROOT}/Manifest.lock\" > /dev/null\nif [ $? != 0 ] ; then\n    # print error to STDERR\n    echo \"error: The sandbox is not in sync with the Podfile.lock. Run 'pod install' or update your CocoaPods installation.\" >&2\n    exit 1\nfi\n";
			showEnvVarsInLog = 0;
		};
		5727493CA5E822526F4169C8 /* [CP] Embed Pods Frameworks */ = {
			isa = PBXShellScriptBuildPhase;
			buildActionMask = 2147483647;
			files = (
			);
			inputPaths = (
			);
			name = "[CP] Embed Pods Frameworks";
			outputPaths = (
			);
			runOnlyForDeploymentPostprocessing = 0;
			shellPath = /bin/sh;
			shellScript = "\"${SRCROOT}/Pods/Target Support Files/Pods-FaveLyricsTests/Pods-FaveLyricsTests-frameworks.sh\"\n";
			showEnvVarsInLog = 0;
		};
		5AE9EB14BA45EF4F517A7804 /* [CP] Check Pods Manifest.lock */ = {
			isa = PBXShellScriptBuildPhase;
			buildActionMask = 2147483647;
			files = (
			);
			inputPaths = (
			);
			name = "[CP] Check Pods Manifest.lock";
			outputPaths = (
			);
			runOnlyForDeploymentPostprocessing = 0;
			shellPath = /bin/sh;
			shellScript = "diff \"${PODS_ROOT}/../Podfile.lock\" \"${PODS_ROOT}/Manifest.lock\" > /dev/null\nif [ $? != 0 ] ; then\n    # print error to STDERR\n    echo \"error: The sandbox is not in sync with the Podfile.lock. Run 'pod install' or update your CocoaPods installation.\" >&2\n    exit 1\nfi\n";
			showEnvVarsInLog = 0;
		};
		682C7CB96C9DC534089DFB08 /* [CP] Copy Pods Resources */ = {
			isa = PBXShellScriptBuildPhase;
			buildActionMask = 2147483647;
			files = (
			);
			inputPaths = (
			);
			name = "[CP] Copy Pods Resources";
			outputPaths = (
			);
			runOnlyForDeploymentPostprocessing = 0;
			shellPath = /bin/sh;
			shellScript = "\"${SRCROOT}/Pods/Target Support Files/Pods-FaveLyricsUITests/Pods-FaveLyricsUITests-resources.sh\"\n";
			showEnvVarsInLog = 0;
		};
		7E9F04411DB588B3BD093031 /* [CP] Embed Pods Frameworks */ = {
			isa = PBXShellScriptBuildPhase;
			buildActionMask = 2147483647;
			files = (
			);
			inputPaths = (
			);
			name = "[CP] Embed Pods Frameworks";
			outputPaths = (
			);
			runOnlyForDeploymentPostprocessing = 0;
			shellPath = /bin/sh;
			shellScript = "\"${SRCROOT}/Pods/Target Support Files/Pods-FaveLyricsUITests/Pods-FaveLyricsUITests-frameworks.sh\"\n";
			showEnvVarsInLog = 0;
		};
		802970031767DF32DF992D95 /* [CP] Copy Pods Resources */ = {
			isa = PBXShellScriptBuildPhase;
			buildActionMask = 2147483647;
			files = (
			);
			inputPaths = (
			);
			name = "[CP] Copy Pods Resources";
			outputPaths = (
			);
			runOnlyForDeploymentPostprocessing = 0;
			shellPath = /bin/sh;
			shellScript = "\"${SRCROOT}/Pods/Target Support Files/Pods-FaveLyricsTests/Pods-FaveLyricsTests-resources.sh\"\n";
			showEnvVarsInLog = 0;
		};
		88B18C014562C9791951228C /* [CP] Embed Pods Frameworks */ = {
			isa = PBXShellScriptBuildPhase;
			buildActionMask = 2147483647;
			files = (
			);
			inputPaths = (
			);
			name = "[CP] Embed Pods Frameworks";
			outputPaths = (
			);
			runOnlyForDeploymentPostprocessing = 0;
			shellPath = /bin/sh;
			shellScript = "\"${SRCROOT}/Pods/Target Support Files/Pods-FaveLyrics/Pods-FaveLyrics-frameworks.sh\"\n";
			showEnvVarsInLog = 0;
		};
		D51E9A370334A79097FC7B8A /* [CP] Copy Pods Resources */ = {
			isa = PBXShellScriptBuildPhase;
			buildActionMask = 2147483647;
			files = (
			);
			inputPaths = (
			);
			name = "[CP] Copy Pods Resources";
			outputPaths = (
			);
			runOnlyForDeploymentPostprocessing = 0;
			shellPath = /bin/sh;
			shellScript = "\"${SRCROOT}/Pods/Target Support Files/Pods-FaveLyrics/Pods-FaveLyrics-resources.sh\"\n";
			showEnvVarsInLog = 0;
		};
/* End PBXShellScriptBuildPhase section */

/* Begin PBXSourcesBuildPhase section */
		6B2271BE1E0C398C00B3C500 /* Sources */ = {
			isa = PBXSourcesBuildPhase;
			buildActionMask = 2147483647;
			files = (
				6B22721B1E15ADD300B3C500 /* TracksViewController.m in Sources */,
				6B2272121E1424DF00B3C500 /* MenuViewController.m in Sources */,
				6BDDE5B31E186CA9009260AD /* AlbumCollectionViewCell.m in Sources */,
				6B2271CA1E0C398D00B3C500 /* AppDelegate.m in Sources */,
				6BDDE5A01E16E823009260AD /* TrackPlus.m in Sources */,
				6BDDE5AD1E175EF9009260AD /* LyricSearchViewController.m in Sources */,
				6B2271FA1E0C530400B3C500 /* Artist.m in Sources */,
				6B2272051E12C91E00B3C500 /* Track.m in Sources */,
				6BDDE5AA1E1703F3009260AD /* FavoritesViewController.m in Sources */,
				6B2272021E0DDB5000B3C500 /* Album.m in Sources */,
				6B2272081E12F24D00B3C500 /* Endpoint.m in Sources */,
				6BDDE5A71E1703D7009260AD /* TrackPlusCell.m in Sources */,
				6B2272181E1583F400B3C500 /* AlbumsViewController.m in Sources */,
				6B2272151E14CF0E00B3C500 /* ArtistSearchViewController.m in Sources */,
				6B2271C71E0C398D00B3C500 /* main.m in Sources */,
				6BDDE5A41E16F2A9009260AD /* Model.m in Sources */,
				6BDDE59D1E161BEE009260AD /* LyricsViewController.m in Sources */,
				6B22720B1E133C8D00B3C500 /* APIClient.m in Sources */,
			);
			runOnlyForDeploymentPostprocessing = 0;
		};
		6B2271D71E0C398D00B3C500 /* Sources */ = {
			isa = PBXSourcesBuildPhase;
			buildActionMask = 2147483647;
			files = (
				6B2271E01E0C398D00B3C500 /* FaveLyricsTests.m in Sources */,
			);
			runOnlyForDeploymentPostprocessing = 0;
		};
		6B2271E21E0C398D00B3C500 /* Sources */ = {
			isa = PBXSourcesBuildPhase;
			buildActionMask = 2147483647;
			files = (
				6B2271EB1E0C398D00B3C500 /* FaveLyricsUITests.m in Sources */,
			);
			runOnlyForDeploymentPostprocessing = 0;
		};
/* End PBXSourcesBuildPhase section */

/* Begin PBXTargetDependency section */
		6B2271DD1E0C398D00B3C500 /* PBXTargetDependency */ = {
			isa = PBXTargetDependency;
			target = 6B2271C11E0C398C00B3C500 /* FaveLyrics */;
			targetProxy = 6B2271DC1E0C398D00B3C500 /* PBXContainerItemProxy */;
		};
		6B2271E81E0C398D00B3C500 /* PBXTargetDependency */ = {
			isa = PBXTargetDependency;
			target = 6B2271C11E0C398C00B3C500 /* FaveLyrics */;
			targetProxy = 6B2271E71E0C398D00B3C500 /* PBXContainerItemProxy */;
		};
/* End PBXTargetDependency section */

/* Begin PBXVariantGroup section */
		6B2271CE1E0C398D00B3C500 /* Main.storyboard */ = {
			isa = PBXVariantGroup;
			children = (
				6B2271CF1E0C398D00B3C500 /* Base */,
			);
			name = Main.storyboard;
			sourceTree = "<group>";
		};
		6B2271D31E0C398D00B3C500 /* LaunchScreen.storyboard */ = {
			isa = PBXVariantGroup;
			children = (
				6B2271D41E0C398D00B3C500 /* Base */,
			);
			name = LaunchScreen.storyboard;
			sourceTree = "<group>";
		};
/* End PBXVariantGroup section */

/* Begin XCBuildConfiguration section */
		6B2271ED1E0C398D00B3C500 /* Debug */ = {
			isa = XCBuildConfiguration;
			buildSettings = {
				ALWAYS_SEARCH_USER_PATHS = NO;
				CLANG_ANALYZER_NONNULL = YES;
				CLANG_CXX_LANGUAGE_STANDARD = "gnu++0x";
				CLANG_CXX_LIBRARY = "libc++";
				CLANG_ENABLE_MODULES = YES;
				CLANG_ENABLE_OBJC_ARC = YES;
				CLANG_WARN_BOOL_CONVERSION = YES;
				CLANG_WARN_CONSTANT_CONVERSION = YES;
				CLANG_WARN_DIRECT_OBJC_ISA_USAGE = YES_ERROR;
				CLANG_WARN_DOCUMENTATION_COMMENTS = YES;
				CLANG_WARN_EMPTY_BODY = YES;
				CLANG_WARN_ENUM_CONVERSION = YES;
				CLANG_WARN_INFINITE_RECURSION = YES;
				CLANG_WARN_INT_CONVERSION = YES;
				CLANG_WARN_OBJC_ROOT_CLASS = YES_ERROR;
				CLANG_WARN_SUSPICIOUS_MOVE = YES;
				CLANG_WARN_UNREACHABLE_CODE = YES;
				CLANG_WARN__DUPLICATE_METHOD_MATCH = YES;
				"CODE_SIGN_IDENTITY[sdk=iphoneos*]" = "iPhone Developer";
				COPY_PHASE_STRIP = NO;
				DEBUG_INFORMATION_FORMAT = dwarf;
				ENABLE_STRICT_OBJC_MSGSEND = YES;
				ENABLE_TESTABILITY = YES;
				GCC_C_LANGUAGE_STANDARD = gnu99;
				GCC_DYNAMIC_NO_PIC = NO;
				GCC_NO_COMMON_BLOCKS = YES;
				GCC_OPTIMIZATION_LEVEL = 0;
				GCC_PREPROCESSOR_DEFINITIONS = (
					"DEBUG=1",
					"$(inherited)",
				);
				GCC_WARN_64_TO_32_BIT_CONVERSION = YES;
				GCC_WARN_ABOUT_RETURN_TYPE = YES_ERROR;
				GCC_WARN_UNDECLARED_SELECTOR = YES;
				GCC_WARN_UNINITIALIZED_AUTOS = YES_AGGRESSIVE;
				GCC_WARN_UNUSED_FUNCTION = YES;
				GCC_WARN_UNUSED_VARIABLE = YES;
				IPHONEOS_DEPLOYMENT_TARGET = 10.2;
				MTL_ENABLE_DEBUG_INFO = YES;
				ONLY_ACTIVE_ARCH = YES;
				SDKROOT = iphoneos;
			};
			name = Debug;
		};
		6B2271EE1E0C398D00B3C500 /* Release */ = {
			isa = XCBuildConfiguration;
			buildSettings = {
				ALWAYS_SEARCH_USER_PATHS = NO;
				CLANG_ANALYZER_NONNULL = YES;
				CLANG_CXX_LANGUAGE_STANDARD = "gnu++0x";
				CLANG_CXX_LIBRARY = "libc++";
				CLANG_ENABLE_MODULES = YES;
				CLANG_ENABLE_OBJC_ARC = YES;
				CLANG_WARN_BOOL_CONVERSION = YES;
				CLANG_WARN_CONSTANT_CONVERSION = YES;
				CLANG_WARN_DIRECT_OBJC_ISA_USAGE = YES_ERROR;
				CLANG_WARN_DOCUMENTATION_COMMENTS = YES;
				CLANG_WARN_EMPTY_BODY = YES;
				CLANG_WARN_ENUM_CONVERSION = YES;
				CLANG_WARN_INFINITE_RECURSION = YES;
				CLANG_WARN_INT_CONVERSION = YES;
				CLANG_WARN_OBJC_ROOT_CLASS = YES_ERROR;
				CLANG_WARN_SUSPICIOUS_MOVE = YES;
				CLANG_WARN_UNREACHABLE_CODE = YES;
				CLANG_WARN__DUPLICATE_METHOD_MATCH = YES;
				"CODE_SIGN_IDENTITY[sdk=iphoneos*]" = "iPhone Developer";
				COPY_PHASE_STRIP = NO;
				DEBUG_INFORMATION_FORMAT = "dwarf-with-dsym";
				ENABLE_NS_ASSERTIONS = NO;
				ENABLE_STRICT_OBJC_MSGSEND = YES;
				GCC_C_LANGUAGE_STANDARD = gnu99;
				GCC_NO_COMMON_BLOCKS = YES;
				GCC_WARN_64_TO_32_BIT_CONVERSION = YES;
				GCC_WARN_ABOUT_RETURN_TYPE = YES_ERROR;
				GCC_WARN_UNDECLARED_SELECTOR = YES;
				GCC_WARN_UNINITIALIZED_AUTOS = YES_AGGRESSIVE;
				GCC_WARN_UNUSED_FUNCTION = YES;
				GCC_WARN_UNUSED_VARIABLE = YES;
				IPHONEOS_DEPLOYMENT_TARGET = 10.2;
				MTL_ENABLE_DEBUG_INFO = NO;
				SDKROOT = iphoneos;
				VALIDATE_PRODUCT = YES;
			};
			name = Release;
		};
		6B2271F01E0C398D00B3C500 /* Debug */ = {
			isa = XCBuildConfiguration;
			baseConfigurationReference = 134ACFFF5F8F05050BAEF36F /* Pods-FaveLyrics.debug.xcconfig */;
			buildSettings = {
				ASSETCATALOG_COMPILER_APPICON_NAME = AppIcon;
				DEVELOPMENT_TEAM = 646297YD5V;
				INFOPLIST_FILE = FaveLyrics/Info.plist;
				IPHONEOS_DEPLOYMENT_TARGET = 10.0;
				LD_RUNPATH_SEARCH_PATHS = "$(inherited) @executable_path/Frameworks";
				PRODUCT_BUNDLE_IDENTIFIER = com.redBred.FaveLyrics;
				PRODUCT_NAME = "$(TARGET_NAME)";
			};
			name = Debug;
		};
		6B2271F11E0C398D00B3C500 /* Release */ = {
			isa = XCBuildConfiguration;
			baseConfigurationReference = 964D32A923C5327A974E9C93 /* Pods-FaveLyrics.release.xcconfig */;
			buildSettings = {
				ASSETCATALOG_COMPILER_APPICON_NAME = AppIcon;
				DEVELOPMENT_TEAM = 646297YD5V;
				INFOPLIST_FILE = FaveLyrics/Info.plist;
				IPHONEOS_DEPLOYMENT_TARGET = 10.0;
				LD_RUNPATH_SEARCH_PATHS = "$(inherited) @executable_path/Frameworks";
				PRODUCT_BUNDLE_IDENTIFIER = com.redBred.FaveLyrics;
				PRODUCT_NAME = "$(TARGET_NAME)";
			};
			name = Release;
		};
		6B2271F31E0C398D00B3C500 /* Debug */ = {
			isa = XCBuildConfiguration;
			baseConfigurationReference = 8F39148C9404B3B8766F6FB4 /* Pods-FaveLyricsTests.debug.xcconfig */;
			buildSettings = {
				BUNDLE_LOADER = "$(TEST_HOST)";
				DEVELOPMENT_TEAM = 646297YD5V;
				INFOPLIST_FILE = FaveLyricsTests/Info.plist;
				LD_RUNPATH_SEARCH_PATHS = "$(inherited) @executable_path/Frameworks @loader_path/Frameworks";
				PRODUCT_BUNDLE_IDENTIFIER = com.redBred.FaveLyricsTests;
				PRODUCT_NAME = "$(TARGET_NAME)";
				TEST_HOST = "$(BUILT_PRODUCTS_DIR)/FaveLyrics.app/FaveLyrics";
			};
			name = Debug;
		};
		6B2271F41E0C398D00B3C500 /* Release */ = {
			isa = XCBuildConfiguration;
			baseConfigurationReference = 8342B41AF886C72F7B770E5E /* Pods-FaveLyricsTests.release.xcconfig */;
			buildSettings = {
				BUNDLE_LOADER = "$(TEST_HOST)";
				DEVELOPMENT_TEAM = 646297YD5V;
				INFOPLIST_FILE = FaveLyricsTests/Info.plist;
				LD_RUNPATH_SEARCH_PATHS = "$(inherited) @executable_path/Frameworks @loader_path/Frameworks";
				PRODUCT_BUNDLE_IDENTIFIER = com.redBred.FaveLyricsTests;
				PRODUCT_NAME = "$(TARGET_NAME)";
				TEST_HOST = "$(BUILT_PRODUCTS_DIR)/FaveLyrics.app/FaveLyrics";
			};
			name = Release;
		};
		6B2271F61E0C398D00B3C500 /* Debug */ = {
			isa = XCBuildConfiguration;
			baseConfigurationReference = 0F790092868A320641652D83 /* Pods-FaveLyricsUITests.debug.xcconfig */;
			buildSettings = {
				DEVELOPMENT_TEAM = 646297YD5V;
				INFOPLIST_FILE = FaveLyricsUITests/Info.plist;
				LD_RUNPATH_SEARCH_PATHS = "$(inherited) @executable_path/Frameworks @loader_path/Frameworks";
				PRODUCT_BUNDLE_IDENTIFIER = com.redBred.FaveLyricsUITests;
				PRODUCT_NAME = "$(TARGET_NAME)";
				TEST_TARGET_NAME = FaveLyrics;
			};
			name = Debug;
		};
		6B2271F71E0C398D00B3C500 /* Release */ = {
			isa = XCBuildConfiguration;
			baseConfigurationReference = DD165724A6819FD08687C0A2 /* Pods-FaveLyricsUITests.release.xcconfig */;
			buildSettings = {
				DEVELOPMENT_TEAM = 646297YD5V;
				INFOPLIST_FILE = FaveLyricsUITests/Info.plist;
				LD_RUNPATH_SEARCH_PATHS = "$(inherited) @executable_path/Frameworks @loader_path/Frameworks";
				PRODUCT_BUNDLE_IDENTIFIER = com.redBred.FaveLyricsUITests;
				PRODUCT_NAME = "$(TARGET_NAME)";
				TEST_TARGET_NAME = FaveLyrics;
			};
			name = Release;
		};
/* End XCBuildConfiguration section */

/* Begin XCConfigurationList section */
		6B2271BD1E0C398C00B3C500 /* Build configuration list for PBXProject "FaveLyrics" */ = {
			isa = XCConfigurationList;
			buildConfigurations = (
				6B2271ED1E0C398D00B3C500 /* Debug */,
				6B2271EE1E0C398D00B3C500 /* Release */,
			);
			defaultConfigurationIsVisible = 0;
			defaultConfigurationName = Release;
		};
		6B2271EF1E0C398D00B3C500 /* Build configuration list for PBXNativeTarget "FaveLyrics" */ = {
			isa = XCConfigurationList;
			buildConfigurations = (
				6B2271F01E0C398D00B3C500 /* Debug */,
				6B2271F11E0C398D00B3C500 /* Release */,
			);
			defaultConfigurationIsVisible = 0;
			defaultConfigurationName = Release;
		};
		6B2271F21E0C398D00B3C500 /* Build configuration list for PBXNativeTarget "FaveLyricsTests" */ = {
			isa = XCConfigurationList;
			buildConfigurations = (
				6B2271F31E0C398D00B3C500 /* Debug */,
				6B2271F41E0C398D00B3C500 /* Release */,
			);
			defaultConfigurationIsVisible = 0;
			defaultConfigurationName = Release;
		};
		6B2271F51E0C398D00B3C500 /* Build configuration list for PBXNativeTarget "FaveLyricsUITests" */ = {
			isa = XCConfigurationList;
			buildConfigurations = (
				6B2271F61E0C398D00B3C500 /* Debug */,
				6B2271F71E0C398D00B3C500 /* Release */,
			);
			defaultConfigurationIsVisible = 0;
			defaultConfigurationName = Release;
		};
/* End XCConfigurationList section */
	};
	rootObject = 6B2271BA1E0C398C00B3C500 /* Project object */;
}
